
Microsoft Visual Studio Solution File, Format Version 12.00
# Visual Studio Version 16
VisualStudioVersion = 16.0.31005.135
MinimumVisualStudioVersion = 10.0.40219.1
Project("{FAE04EC0-301F-11D3-BF4B-00C04F79EFBC}") = "EmployeeWebApi", "EmployeeWebApi\EmployeeWebApi.csproj", "{75B72363-7670-4826-8AB9-052F5E085237}"
EndProject
Global
	GlobalSection(SolutionConfigurationPlatforms) = preSolution
		Debug|Any CPU = Debug|Any CPU
		Release|Any CPU = Release|Any CPU
	EndGlobalSection
	GlobalSection(ProjectConfigurationPlatforms) = postSolution
		{75B72363-7670-4826-8AB9-052F5E085237}.Debug|Any CPU.ActiveCfg = Debug|Any CPU
		{75B72363-7670-4826-8AB9-052F5E085237}.Debug|Any CPU.Build.0 = Debug|Any CPU
		{75B72363-7670-4826-8AB9-052F5E085237}.Release|Any CPU.ActiveCfg = Release|Any CPU
		{75B72363-7670-4826-8AB9-052F5E085237}.Release|Any CPU.Build.0 = Release|Any CPU
	EndGlobalSection
	GlobalSection(SolutionProperties) = preSolution
		HideSolutionNode = FALSE
	EndGlobalSection
	GlobalSection(ExtensibilityGlobals) = postSolution
		SolutionGuid = {791BDB4C-4A6F-4CFF-8D54-F648689E0DB7}
	EndGlobalSection
EndGlobal
